{
  "requires": true,
  "lockfileVersion": 1,
  "dependencies": {
    "angular": {
      "version": "1.5.0",
      "resolved": "https://registry.npmjs.org/angular/-/angular-1.5.0.tgz",
      "integrity": "sha512-sTSpsLt4Rms010jtLjPy4KnuJ7IR/eTChWFAtdQvpGsxbWXgyzFDE5VRGM8uEzmkCJ5v4xz40+96fEVXzw4VnA=="
    }
  }
}
